
Microsoft Visual Studio Solution File, Format Version 12.00
# TcXaeShell Solution File, Format Version 11.00
VisualStudioVersion = 15.0.34829.251
MinimumVisualStudioVersion = 10.0.40219.1
Project("{FE7A1B72-C5B7-4D7C-BB7D-76384D4DE8E1}") = "IBMS_EB_HMI", "IBMS_EB_HMI\IBMS_EB_HMI.hmiproj", "{888D4B56-E9AE-4553-BD71-5C2ADDF0E2D5}"
EndProject
Global
	GlobalSection(SolutionConfigurationPlatforms) = preSolution
		Debug|TwinCAT HMI = Debug|TwinCAT HMI
		Release|TwinCAT HMI = Release|TwinCAT HMI
	EndGlobalSection
	GlobalSection(ProjectConfigurationPlatforms) = postSolution
		{888D4B56-E9AE-4553-BD71-5C2ADDF0E2D5}.Debug|TwinCAT HMI.ActiveCfg = Debug|TwinCAT HMI
		{888D4B56-E9AE-4553-BD71-5C2ADDF0E2D5}.Debug|TwinCAT HMI.Build.0 = Debug|TwinCAT HMI
		{888D4B56-E9AE-4553-BD71-5C2ADDF0E2D5}.Release|TwinCAT HMI.ActiveCfg = Release|TwinCAT HMI
		{888D4B56-E9AE-4553-BD71-5C2ADDF0E2D5}.Release|TwinCAT HMI.Build.0 = Release|TwinCAT HMI
	EndGlobalSection
	GlobalSection(SolutionProperties) = preSolution
		HideSolutionNode = FALSE
	EndGlobalSection
	GlobalSection(ExtensibilityGlobals) = postSolution
		SolutionGuid = {E0D5E688-6284-4B14-8007-ECC58254BAD0}
	EndGlobalSection
EndGlobal
